
Microsoft Visual Studio Solution File, Format Version 12.00
# Visual Studio 15
VisualStudioVersion = 15.0.28010.2046
MinimumVisualStudioVersion = 10.0.40219.1
Project("{FAE04EC0-301F-11D3-BF4B-00C04F79EFBC}") = "Košarica za kupovinu", "Košarica za kupovinu\Košarica za kupovinu.csproj", "{B6087FE9-2392-4065-9FF2-7CBB29E59DD1}"
EndProject
Global
	GlobalSection(SolutionConfigurationPlatforms) = preSolution
		Debug|Any CPU = Debug|Any CPU
		Release|Any CPU = Release|Any CPU
	EndGlobalSection
	GlobalSection(ProjectConfigurationPlatforms) = postSolution
		{B6087FE9-2392-4065-9FF2-7CBB29E59DD1}.Debug|Any CPU.ActiveCfg = Debug|Any CPU
		{B6087FE9-2392-4065-9FF2-7CBB29E59DD1}.Debug|Any CPU.Build.0 = Debug|Any CPU
		{B6087FE9-2392-4065-9FF2-7CBB29E59DD1}.Release|Any CPU.ActiveCfg = Release|Any CPU
		{B6087FE9-2392-4065-9FF2-7CBB29E59DD1}.Release|Any CPU.Build.0 = Release|Any CPU
	EndGlobalSection
	GlobalSection(SolutionProperties) = preSolution
		HideSolutionNode = FALSE
	EndGlobalSection
	GlobalSection(ExtensibilityGlobals) = postSolution
		SolutionGuid = {241119FE-41C2-4A14-904B-49970DB6F1F3}
	EndGlobalSection
EndGlobal
